
Microsoft Visual Studio Solution File, Format Version 12.00
# Visual Studio Version 17
VisualStudioVersion = 17.3.32929.385
MinimumVisualStudioVersion = 10.0.40219.1
Project("{FAE04EC0-301F-11D3-BF4B-00C04F79EFBC}") = "Lab6FindRoom", "Lab6FindRoom\Lab6FindRoom.csproj", "{20162996-F251-4091-B7C7-66EC1ED17372}"
EndProject
Global
	GlobalSection(SolutionConfigurationPlatforms) = preSolution
		Debug|Any CPU = Debug|Any CPU
		Release|Any CPU = Release|Any CPU
	EndGlobalSection
	GlobalSection(ProjectConfigurationPlatforms) = postSolution
		{20162996-F251-4091-B7C7-66EC1ED17372}.Debug|Any CPU.ActiveCfg = Debug|Any CPU
		{20162996-F251-4091-B7C7-66EC1ED17372}.Debug|Any CPU.Build.0 = Debug|Any CPU
		{20162996-F251-4091-B7C7-66EC1ED17372}.Release|Any CPU.ActiveCfg = Release|Any CPU
		{20162996-F251-4091-B7C7-66EC1ED17372}.Release|Any CPU.Build.0 = Release|Any CPU
	EndGlobalSection
	GlobalSection(SolutionProperties) = preSolution
		HideSolutionNode = FALSE
	EndGlobalSection
	GlobalSection(ExtensibilityGlobals) = postSolution
		SolutionGuid = {70006E92-BB00-4035-B0B6-85B560573121}
	EndGlobalSection
EndGlobal
